
Microsoft Visual Studio Solution File, Format Version 12.00
# Visual Studio Version 16
VisualStudioVersion = 16.0.810.15
MinimumVisualStudioVersion = 10.0.40219.1
Project("{FAE04EC0-301F-11D3-BF4B-00C04F79EFBC}") = "chatbot", "chatbot\chatbot.csproj", "{CDCC598C-0102-47CF-88CC-878C7AC604AE}"
EndProject
Global
	GlobalSection(SolutionConfigurationPlatforms) = preSolution
		Debug|anycpu = Debug|anycpu
		Release|anycpu = Release|anycpu
	EndGlobalSection
	GlobalSection(ProjectConfigurationPlatforms) = postSolution
		{CDCC598C-0102-47CF-88CC-878C7AC604AE}.Debug|anycpu.ActiveCfg = Debug|anycpu
		{CDCC598C-0102-47CF-88CC-878C7AC604AE}.Debug|anycpu.Build.0 = Debug|anycpu
		{CDCC598C-0102-47CF-88CC-878C7AC604AE}.Release|anycpu.ActiveCfg = Release|anycpu
		{CDCC598C-0102-47CF-88CC-878C7AC604AE}.Release|anycpu.Build.0 = Release|anycpu
	EndGlobalSection
	GlobalSection(SolutionProperties) = preSolution
		HideSolutionNode = FALSE
	EndGlobalSection
	GlobalSection(ExtensibilityGlobals) = postSolution
		SolutionGuid = {3E218A7E-B463-49F5-9489-9F08E17CA070}
	EndGlobalSection
EndGlobal
